
Microsoft Visual Studio Solution File, Format Version 12.00
# Visual Studio 15
VisualStudioVersion = 15.0.27004.2010
MinimumVisualStudioVersion = 10.0.40219.1
Project("{FAE04EC0-301F-11D3-BF4B-00C04F79EFBC}") = "TaskManagerDAC", "TaskManagerDAC\TaskManagerDAC.csproj", "{2F4204A1-4226-49C1-B9E4-3E53951B3E38}"
EndProject
Project("{FAE04EC0-301F-11D3-BF4B-00C04F79EFBC}") = "TaskManagerAPI", "TaskManagerAPI\TaskManagerAPI.csproj", "{54D595F1-5148-45AE-BB2F-B2D76D58188E}"
EndProject
Project("{FAE04EC0-301F-11D3-BF4B-00C04F79EFBC}") = "TaskManagerAPI.Tests", "TaskManagerAPI.Tests\TaskManagerAPI.Tests.csproj", "{86683CB9-131E-43FE-9021-D69878C59009}"
EndProject
Global
	GlobalSection(SolutionConfigurationPlatforms) = preSolution
		Debug|Any CPU = Debug|Any CPU
		Release|Any CPU = Release|Any CPU
	EndGlobalSection
	GlobalSection(ProjectConfigurationPlatforms) = postSolution
		{2F4204A1-4226-49C1-B9E4-3E53951B3E38}.Debug|Any CPU.ActiveCfg = Debug|Any CPU
		{2F4204A1-4226-49C1-B9E4-3E53951B3E38}.Debug|Any CPU.Build.0 = Debug|Any CPU
		{2F4204A1-4226-49C1-B9E4-3E53951B3E38}.Release|Any CPU.ActiveCfg = Release|Any CPU
		{2F4204A1-4226-49C1-B9E4-3E53951B3E38}.Release|Any CPU.Build.0 = Release|Any CPU
		{54D595F1-5148-45AE-BB2F-B2D76D58188E}.Debug|Any CPU.ActiveCfg = Debug|Any CPU
		{54D595F1-5148-45AE-BB2F-B2D76D58188E}.Debug|Any CPU.Build.0 = Debug|Any CPU
		{54D595F1-5148-45AE-BB2F-B2D76D58188E}.Release|Any CPU.ActiveCfg = Release|Any CPU
		{54D595F1-5148-45AE-BB2F-B2D76D58188E}.Release|Any CPU.Build.0 = Release|Any CPU
		{86683CB9-131E-43FE-9021-D69878C59009}.Debug|Any CPU.ActiveCfg = Debug|Any CPU
		{86683CB9-131E-43FE-9021-D69878C59009}.Debug|Any CPU.Build.0 = Debug|Any CPU
		{86683CB9-131E-43FE-9021-D69878C59009}.Release|Any CPU.ActiveCfg = Release|Any CPU
		{86683CB9-131E-43FE-9021-D69878C59009}.Release|Any CPU.Build.0 = Release|Any CPU
	EndGlobalSection
	GlobalSection(SolutionProperties) = preSolution
		HideSolutionNode = FALSE
	EndGlobalSection
	GlobalSection(ExtensibilityGlobals) = postSolution
		SolutionGuid = {52787B74-5118-4B2B-B2A4-082B91F9E295}
	EndGlobalSection
EndGlobal
